
Microsoft Visual Studio Solution File, Format Version 12.00
# Visual Studio 2013
VisualStudioVersion = 12.0.31101.0
MinimumVisualStudioVersion = 10.0.40219.1
Project("{F184B08F-C81C-45F6-A57F-5ABD9991F28F}") = "Bwl.RemoteApp.Client", "Bwl.RemoteApp.Client\Bwl.RemoteApp.Client.vbproj", "{3474782F-4677-4A75-B334-9CB51AE5D447}"
EndProject
Project("{F184B08F-C81C-45F6-A57F-5ABD9991F28F}") = "Bwl.RemoteApp.TestApp", "Bwl.RemoteApp.TestApp\Bwl.RemoteApp.TestApp.vbproj", "{D917E9C3-0DF9-43DE-A618-827F44A129D0}"
EndProject
Project("{F184B08F-C81C-45F6-A57F-5ABD9991F28F}") = "Bwl.RemoteApp.ClientGui", "Bwl.RemoteApp.ClientGui\Bwl.RemoteApp.ClientGui.vbproj", "{F15C2A24-E078-4845-99CE-C7966EE5A2D2}"
EndProject
Project("{F184B08F-C81C-45F6-A57F-5ABD9991F28F}") = "Bwl.RemoteApp.Host", "Bwl.RemoteApp.Host\Bwl.RemoteApp.Host.vbproj", "{81231F81-2E09-4836-B3E7-7BF8C01E5D7E}"
EndProject
Project("{F184B08F-C81C-45F6-A57F-5ABD9991F28F}") = "Bwl.RemoteApp.HostGui", "Bwl.RemoteApp.HostGui\Bwl.RemoteApp.HostGui.vbproj", "{D3D56FC1-D5BC-4DA5-A3FD-F7DEAD2F375E}"
EndProject
Global
	GlobalSection(SolutionConfigurationPlatforms) = preSolution
		Debug|Any CPU = Debug|Any CPU
		Debug-Deploy|Any CPU = Debug-Deploy|Any CPU
		Debug-Run|Any CPU = Debug-Run|Any CPU
		Release|Any CPU = Release|Any CPU
	EndGlobalSection
	GlobalSection(ProjectConfigurationPlatforms) = postSolution
		{3474782F-4677-4A75-B334-9CB51AE5D447}.Debug|Any CPU.ActiveCfg = Debug|Any CPU
		{3474782F-4677-4A75-B334-9CB51AE5D447}.Debug|Any CPU.Build.0 = Debug|Any CPU
		{3474782F-4677-4A75-B334-9CB51AE5D447}.Debug-Deploy|Any CPU.ActiveCfg = Debug-Deploy|Any CPU
		{3474782F-4677-4A75-B334-9CB51AE5D447}.Debug-Deploy|Any CPU.Build.0 = Debug-Deploy|Any CPU
		{3474782F-4677-4A75-B334-9CB51AE5D447}.Debug-Run|Any CPU.ActiveCfg = Debug-Run|Any CPU
		{3474782F-4677-4A75-B334-9CB51AE5D447}.Debug-Run|Any CPU.Build.0 = Debug-Run|Any CPU
		{3474782F-4677-4A75-B334-9CB51AE5D447}.Release|Any CPU.ActiveCfg = Release|Any CPU
		{3474782F-4677-4A75-B334-9CB51AE5D447}.Release|Any CPU.Build.0 = Release|Any CPU
		{D917E9C3-0DF9-43DE-A618-827F44A129D0}.Debug|Any CPU.ActiveCfg = Debug|Any CPU
		{D917E9C3-0DF9-43DE-A618-827F44A129D0}.Debug|Any CPU.Build.0 = Debug|Any CPU
		{D917E9C3-0DF9-43DE-A618-827F44A129D0}.Debug-Deploy|Any CPU.ActiveCfg = Debug|Any CPU
		{D917E9C3-0DF9-43DE-A618-827F44A129D0}.Debug-Deploy|Any CPU.Build.0 = Debug|Any CPU
		{D917E9C3-0DF9-43DE-A618-827F44A129D0}.Debug-Run|Any CPU.ActiveCfg = Debug|Any CPU
		{D917E9C3-0DF9-43DE-A618-827F44A129D0}.Debug-Run|Any CPU.Build.0 = Debug|Any CPU
		{D917E9C3-0DF9-43DE-A618-827F44A129D0}.Release|Any CPU.ActiveCfg = Release|Any CPU
		{D917E9C3-0DF9-43DE-A618-827F44A129D0}.Release|Any CPU.Build.0 = Release|Any CPU
		{F15C2A24-E078-4845-99CE-C7966EE5A2D2}.Debug|Any CPU.ActiveCfg = Debug|Any CPU
		{F15C2A24-E078-4845-99CE-C7966EE5A2D2}.Debug|Any CPU.Build.0 = Debug|Any CPU
		{F15C2A24-E078-4845-99CE-C7966EE5A2D2}.Debug-Deploy|Any CPU.ActiveCfg = Debug|Any CPU
		{F15C2A24-E078-4845-99CE-C7966EE5A2D2}.Debug-Deploy|Any CPU.Build.0 = Debug|Any CPU
		{F15C2A24-E078-4845-99CE-C7966EE5A2D2}.Debug-Run|Any CPU.ActiveCfg = Debug|Any CPU
		{F15C2A24-E078-4845-99CE-C7966EE5A2D2}.Debug-Run|Any CPU.Build.0 = Debug|Any CPU
		{F15C2A24-E078-4845-99CE-C7966EE5A2D2}.Release|Any CPU.ActiveCfg = Release|Any CPU
		{F15C2A24-E078-4845-99CE-C7966EE5A2D2}.Release|Any CPU.Build.0 = Release|Any CPU
		{81231F81-2E09-4836-B3E7-7BF8C01E5D7E}.Debug|Any CPU.ActiveCfg = Debug|Any CPU
		{81231F81-2E09-4836-B3E7-7BF8C01E5D7E}.Debug|Any CPU.Build.0 = Debug|Any CPU
		{81231F81-2E09-4836-B3E7-7BF8C01E5D7E}.Debug-Deploy|Any CPU.ActiveCfg = Debug|Any CPU
		{81231F81-2E09-4836-B3E7-7BF8C01E5D7E}.Debug-Deploy|Any CPU.Build.0 = Debug|Any CPU
		{81231F81-2E09-4836-B3E7-7BF8C01E5D7E}.Debug-Run|Any CPU.ActiveCfg = Debug|Any CPU
		{81231F81-2E09-4836-B3E7-7BF8C01E5D7E}.Debug-Run|Any CPU.Build.0 = Debug|Any CPU
		{81231F81-2E09-4836-B3E7-7BF8C01E5D7E}.Release|Any CPU.ActiveCfg = Release|Any CPU
		{81231F81-2E09-4836-B3E7-7BF8C01E5D7E}.Release|Any CPU.Build.0 = Release|Any CPU
		{D3D56FC1-D5BC-4DA5-A3FD-F7DEAD2F375E}.Debug|Any CPU.ActiveCfg = Debug|Any CPU
		{D3D56FC1-D5BC-4DA5-A3FD-F7DEAD2F375E}.Debug|Any CPU.Build.0 = Debug|Any CPU
		{D3D56FC1-D5BC-4DA5-A3FD-F7DEAD2F375E}.Debug-Deploy|Any CPU.ActiveCfg = Debug|Any CPU
		{D3D56FC1-D5BC-4DA5-A3FD-F7DEAD2F375E}.Debug-Deploy|Any CPU.Build.0 = Debug|Any CPU
		{D3D56FC1-D5BC-4DA5-A3FD-F7DEAD2F375E}.Debug-Run|Any CPU.ActiveCfg = Debug|Any CPU
		{D3D56FC1-D5BC-4DA5-A3FD-F7DEAD2F375E}.Debug-Run|Any CPU.Build.0 = Debug|Any CPU
		{D3D56FC1-D5BC-4DA5-A3FD-F7DEAD2F375E}.Release|Any CPU.ActiveCfg = Release|Any CPU
		{D3D56FC1-D5BC-4DA5-A3FD-F7DEAD2F375E}.Release|Any CPU.Build.0 = Release|Any CPU
	EndGlobalSection
	GlobalSection(SolutionProperties) = preSolution
		HideSolutionNode = FALSE
	EndGlobalSection
EndGlobal
